
Microsoft Visual Studio Solution File, Format Version 12.00
# Visual Studio Version 16
VisualStudioVersion = 16.0.30503.244
MinimumVisualStudioVersion = 10.0.40219.1
Project("{FAE04EC0-301F-11D3-BF4B-00C04F79EFBC}") = "OgrenciSistemi", "OgrenciSistemi\OgrenciSistemi.csproj", "{D5B27BF3-8BA1-4FB4-873A-A5AA27860786}"
EndProject
Global
	GlobalSection(SolutionConfigurationPlatforms) = preSolution
		Debug|Any CPU = Debug|Any CPU
		Release|Any CPU = Release|Any CPU
	EndGlobalSection
	GlobalSection(ProjectConfigurationPlatforms) = postSolution
		{D5B27BF3-8BA1-4FB4-873A-A5AA27860786}.Debug|Any CPU.ActiveCfg = Debug|Any CPU
		{D5B27BF3-8BA1-4FB4-873A-A5AA27860786}.Debug|Any CPU.Build.0 = Debug|Any CPU
		{D5B27BF3-8BA1-4FB4-873A-A5AA27860786}.Release|Any CPU.ActiveCfg = Release|Any CPU
		{D5B27BF3-8BA1-4FB4-873A-A5AA27860786}.Release|Any CPU.Build.0 = Release|Any CPU
	EndGlobalSection
	GlobalSection(SolutionProperties) = preSolution
		HideSolutionNode = FALSE
	EndGlobalSection
	GlobalSection(ExtensibilityGlobals) = postSolution
		SolutionGuid = {EB2EA32A-BB67-456A-B3B3-AF69DD34AAC5}
	EndGlobalSection
EndGlobal
